{
  "nodes": {
    "flake-utils": {
      "locked": {
        "lastModified": 1652556210,
        "narHash": "sha256-wnDR0gGcBUEbt64iYO8dM2DHO9qb302Zn3HucOm/SDk=",
        "owner": "numtide",
        "repo": "flake-utils",
        "rev": "f7e772af96fa47346832643526c26d4475385b60",
        "type": "github"
      },
      "original": {
        "owner": "numtide",
        "repo": "flake-utils",
        "type": "github"
      }
    },
    "nixpkgs": {
      "locked": {
        "lastModified": 1652483617,
        "narHash": "sha256-Jxyn3uXFr5LdZNNiippI/obtLXAVBM18uVfiKVP4j9Q=",
        "owner": "NixOS",
        "repo": "nixpkgs",
        "rev": "ed014c27f4d0ca772fb57d3b8985b772b0503bbd",
        "type": "github"
      },
      "original": {
        "id": "nixpkgs",
        "type": "indirect"
      }
    },
    "root": {
      "inputs": {
        "flake-utils": "flake-utils",
        "nixpkgs": "nixpkgs"
      }
    }
  },
  "root": "root",
  "version": 7
}
